
Microsoft Visual Studio Solution File, Format Version 12.00
# Visual Studio Version 17
VisualStudioVersion = 17.4.33403.182
MinimumVisualStudioVersion = 10.0.40219.1
Project("{9A19103F-16F7-4668-BE54-9A1E7A4F7556}") = "Task0", "Task0\Task0.csproj", "{530B4D7E-1548-402B-AB04-CE14D4555346}"
EndProject
Global
	GlobalSection(SolutionConfigurationPlatforms) = preSolution
		Debug|Any CPU = Debug|Any CPU
		Release|Any CPU = Release|Any CPU
	EndGlobalSection
	GlobalSection(ProjectConfigurationPlatforms) = postSolution
		{530B4D7E-1548-402B-AB04-CE14D4555346}.Debug|Any CPU.ActiveCfg = Debug|Any CPU
		{530B4D7E-1548-402B-AB04-CE14D4555346}.Debug|Any CPU.Build.0 = Debug|Any CPU
		{530B4D7E-1548-402B-AB04-CE14D4555346}.Release|Any CPU.ActiveCfg = Release|Any CPU
		{530B4D7E-1548-402B-AB04-CE14D4555346}.Release|Any CPU.Build.0 = Release|Any CPU
	EndGlobalSection
	GlobalSection(SolutionProperties) = preSolution
		HideSolutionNode = FALSE
	EndGlobalSection
	GlobalSection(ExtensibilityGlobals) = postSolution
		SolutionGuid = {E75CFCF6-9E9F-47BE-AEBB-498EC83A18E7}
	EndGlobalSection
EndGlobal
