
Microsoft Visual Studio Solution File, Format Version 12.00
# Visual Studio Version 17
VisualStudioVersion = 17.4.33403.182
MinimumVisualStudioVersion = 10.0.40219.1
Project("{9A19103F-16F7-4668-BE54-9A1E7A4F7556}") = "Task0", "Task0\Task0.csproj", "{530B4D7E-1548-402B-AB04-CE14D4555346}"
EndProject
Project("{FAE04EC0-301F-11D3-BF4B-00C04F79EFBC}") = "Task1", "Task1\Task1.csproj", "{EDD0B13B-0C7B-44B2-9C2F-902D93E804E9}"
EndProject
Project("{FAE04EC0-301F-11D3-BF4B-00C04F79EFBC}") = "Task3", "Task3\Task3.csproj", "{9B4ABC96-B3B5-44FE-8E12-DB76F1D2CE46}"
EndProject
Global
	GlobalSection(SolutionConfigurationPlatforms) = preSolution
		Debug|Any CPU = Debug|Any CPU
		Release|Any CPU = Release|Any CPU
	EndGlobalSection
	GlobalSection(ProjectConfigurationPlatforms) = postSolution
		{530B4D7E-1548-402B-AB04-CE14D4555346}.Debug|Any CPU.ActiveCfg = Debug|Any CPU
		{530B4D7E-1548-402B-AB04-CE14D4555346}.Debug|Any CPU.Build.0 = Debug|Any CPU
		{530B4D7E-1548-402B-AB04-CE14D4555346}.Release|Any CPU.ActiveCfg = Release|Any CPU
		{530B4D7E-1548-402B-AB04-CE14D4555346}.Release|Any CPU.Build.0 = Release|Any CPU
		{EDD0B13B-0C7B-44B2-9C2F-902D93E804E9}.Debug|Any CPU.ActiveCfg = Debug|Any CPU
		{EDD0B13B-0C7B-44B2-9C2F-902D93E804E9}.Debug|Any CPU.Build.0 = Debug|Any CPU
		{EDD0B13B-0C7B-44B2-9C2F-902D93E804E9}.Release|Any CPU.ActiveCfg = Release|Any CPU
		{EDD0B13B-0C7B-44B2-9C2F-902D93E804E9}.Release|Any CPU.Build.0 = Release|Any CPU
		{9B4ABC96-B3B5-44FE-8E12-DB76F1D2CE46}.Debug|Any CPU.ActiveCfg = Debug|Any CPU
		{9B4ABC96-B3B5-44FE-8E12-DB76F1D2CE46}.Debug|Any CPU.Build.0 = Debug|Any CPU
		{9B4ABC96-B3B5-44FE-8E12-DB76F1D2CE46}.Release|Any CPU.ActiveCfg = Release|Any CPU
		{9B4ABC96-B3B5-44FE-8E12-DB76F1D2CE46}.Release|Any CPU.Build.0 = Release|Any CPU
	EndGlobalSection
	GlobalSection(SolutionProperties) = preSolution
		HideSolutionNode = FALSE
	EndGlobalSection
	GlobalSection(ExtensibilityGlobals) = postSolution
		SolutionGuid = {E75CFCF6-9E9F-47BE-AEBB-498EC83A18E7}
	EndGlobalSection
EndGlobal
